// !$*UTF8*$!
{
	archiveVersion = 1;
	classes = {
	};
	objectVersion = 50;
	objects = {

/* Begin PBXBuildFile section */
		FE43739F249FE2320031033E /* BallNode.swift in Sources */ = {isa = PBXBuildFile; fileRef = FE43739E249FE2320031033E /* BallNode.swift */; };
		FE4373A1249FE3E30031033E /* Math.swift in Sources */ = {isa = PBXBuildFile; fileRef = FE4373A0249FE3E30031033E /* Math.swift */; };
		FE4373A324A037750031033E /* ObjectCategory.swift in Sources */ = {isa = PBXBuildFile; fileRef = FE4373A224A037750031033E /* ObjectCategory.swift */; };
		FE4A3E2C24A6B10A00E5CABB /* ContactNode.swift in Sources */ = {isa = PBXBuildFile; fileRef = FE4A3E2B24A6B10A00E5CABB /* ContactNode.swift */; };
		FE5177D2249AF8EA003B362F /* AppDelegate.swift in Sources */ = {isa = PBXBuildFile; fileRef = FE5177D1249AF8EA003B362F /* AppDelegate.swift */; };
		FE5177D4249AF8EA003B362F /* art.scnassets in Resources */ = {isa = PBXBuildFile; fileRef = FE5177D3249AF8EA003B362F /* art.scnassets */; };
		FE5177D6249AF8EA003B362F /* MainViewController.swift in Sources */ = {isa = PBXBuildFile; fileRef = FE5177D5249AF8EA003B362F /* MainViewController.swift */; };
		FE5177D9249AF8EA003B362F /* Main.storyboard in Resources */ = {isa = PBXBuildFile; fileRef = FE5177D7249AF8EA003B362F /* Main.storyboard */; };
		FE5177DB249AF8EA003B362F /* Assets.xcassets in Resources */ = {isa = PBXBuildFile; fileRef = FE5177DA249AF8EA003B362F /* Assets.xcassets */; };
		FE5177DE249AF8EA003B362F /* LaunchScreen.storyboard in Resources */ = {isa = PBXBuildFile; fileRef = FE5177DC249AF8EA003B362F /* LaunchScreen.storyboard */; };
		FEBF564F24A2CCAD0015AEE8 /* WallNode.swift in Sources */ = {isa = PBXBuildFile; fileRef = FEBF564E24A2CCAD0015AEE8 /* WallNode.swift */; };
/* End PBXBuildFile section */

/* Begin PBXFileReference section */
		FE43739E249FE2320031033E /* BallNode.swift */ = {isa = PBXFileReference; lastKnownFileType = sourcecode.swift; path = BallNode.swift; sourceTree = "<group>"; };
		FE4373A0249FE3E30031033E /* Math.swift */ = {isa = PBXFileReference; lastKnownFileType = sourcecode.swift; path = Math.swift; sourceTree = "<group>"; };
		FE4373A224A037750031033E /* ObjectCategory.swift */ = {isa = PBXFileReference; lastKnownFileType = sourcecode.swift; path = ObjectCategory.swift; sourceTree = "<group>"; };
		FE4A3E2B24A6B10A00E5CABB /* ContactNode.swift */ = {isa = PBXFileReference; lastKnownFileType = sourcecode.swift; path = ContactNode.swift; sourceTree = "<group>"; };
		FE5177CE249AF8EA003B362F /* SlamDunk.app */ = {isa = PBXFileReference; explicitFileType = wrapper.application; includeInIndex = 0; path = SlamDunk.app; sourceTree = BUILT_PRODUCTS_DIR; };
		FE5177D1249AF8EA003B362F /* AppDelegate.swift */ = {isa = PBXFileReference; lastKnownFileType = sourcecode.swift; path = AppDelegate.swift; sourceTree = "<group>"; };
		FE5177D3249AF8EA003B362F /* art.scnassets */ = {isa = PBXFileReference; lastKnownFileType = wrapper.scnassets; path = art.scnassets; sourceTree = "<group>"; };
		FE5177D5249AF8EA003B362F /* MainViewController.swift */ = {isa = PBXFileReference; lastKnownFileType = sourcecode.swift; path = MainViewController.swift; sourceTree = "<group>"; };
		FE5177D8249AF8EA003B362F /* Base */ = {isa = PBXFileReference; lastKnownFileType = file.storyboard; name = Base; path = Base.lproj/Main.storyboard; sourceTree = "<group>"; };
		FE5177DA249AF8EA003B362F /* Assets.xcassets */ = {isa = PBXFileReference; lastKnownFileType = folder.assetcatalog; path = Assets.xcassets; sourceTree = "<group>"; };
		FE5177DD249AF8EA003B362F /* Base */ = {isa = PBXFileReference; lastKnownFileType = file.storyboard; name = Base; path = Base.lproj/LaunchScreen.storyboard; sourceTree = "<group>"; };
		FE5177DF249AF8EA003B362F /* Info.plist */ = {isa = PBXFileReference; lastKnownFileType = text.plist.xml; path = Info.plist; sourceTree = "<group>"; };
		FEBF564E24A2CCAD0015AEE8 /* WallNode.swift */ = {isa = PBXFileReference; lastKnownFileType = sourcecode.swift; path = WallNode.swift; sourceTree = "<group>"; };
/* End PBXFileReference section */

/* Begin PBXFrameworksBuildPhase section */
		FE5177CB249AF8E9003B362F /* Frameworks */ = {
			isa = PBXFrameworksBuildPhase;
			buildActionMask = 2147483647;
			files = (
			);
			runOnlyForDeploymentPostprocessing = 0;
		};
/* End PBXFrameworksBuildPhase section */

/* Begin PBXGroup section */
		FE43739A249FE0C10031033E /* Main */ = {
			isa = PBXGroup;
			children = (
				FE5177D7249AF8EA003B362F /* Main.storyboard */,
				FE5177D5249AF8EA003B362F /* MainViewController.swift */,
				FE4A3E2B24A6B10A00E5CABB /* ContactNode.swift */,
				FE43739E249FE2320031033E /* BallNode.swift */,
				FEBF564E24A2CCAD0015AEE8 /* WallNode.swift */,
				FE4373A224A037750031033E /* ObjectCategory.swift */,
			);
			path = Main;
			sourceTree = "<group>";
		};
		FE43739B249FE0E50031033E /* Extension */ = {
			isa = PBXGroup;
			children = (
				FE4373A0249FE3E30031033E /* Math.swift */,
			);
			path = Extension;
			sourceTree = "<group>";
		};
		FE5177C5249AF8E9003B362F = {
			isa = PBXGroup;
			children = (
				FE5177D0249AF8EA003B362F /* SlamDunk */,
				FE5177CF249AF8EA003B362F /* Products */,
			);
			sourceTree = "<group>";
		};
		FE5177CF249AF8EA003B362F /* Products */ = {
			isa = PBXGroup;
			children = (
				FE5177CE249AF8EA003B362F /* SlamDunk.app */,
			);
			name = Products;
			sourceTree = "<group>";
		};
		FE5177D0249AF8EA003B362F /* SlamDunk */ = {
			isa = PBXGroup;
			children = (
				FE43739A249FE0C10031033E /* Main */,
				FE43739B249FE0E50031033E /* Extension */,
				FE5177D1249AF8EA003B362F /* AppDelegate.swift */,
				FE5177D3249AF8EA003B362F /* art.scnassets */,
				FE5177DA249AF8EA003B362F /* Assets.xcassets */,
				FE5177DC249AF8EA003B362F /* LaunchScreen.storyboard */,
				FE5177DF249AF8EA003B362F /* Info.plist */,
			);
			path = SlamDunk;
			sourceTree = "<group>";
		};
/* End PBXGroup section */

/* Begin PBXNativeTarget section */
		FE5177CD249AF8E9003B362F /* SlamDunk */ = {
			isa = PBXNativeTarget;
			buildConfigurationList = FE5177E2249AF8EA003B362F /* Build configuration list for PBXNativeTarget "SlamDunk" */;
			buildPhases = (
				FE5177CA249AF8E9003B362F /* Sources */,
				FE5177CB249AF8E9003B362F /* Frameworks */,
				FE5177CC249AF8E9003B362F /* Resources */,
			);
			buildRules = (
			);
			dependencies = (
			);
			name = SlamDunk;
			productName = SlamDunk;
			productReference = FE5177CE249AF8EA003B362F /* SlamDunk.app */;
			productType = "com.apple.product-type.application";
		};
/* End PBXNativeTarget section */

/* Begin PBXProject section */
		FE5177C6249AF8E9003B362F /* Project object */ = {
			isa = PBXProject;
			attributes = {
				LastSwiftUpdateCheck = 1150;
				LastUpgradeCheck = 1150;
				ORGANIZATIONNAME = "zeyi wang";
				TargetAttributes = {
					FE5177CD249AF8E9003B362F = {
						CreatedOnToolsVersion = 11.5;
					};
				};
			};
			buildConfigurationList = FE5177C9249AF8E9003B362F /* Build configuration list for PBXProject "SlamDunk" */;
			compatibilityVersion = "Xcode 9.3";
			developmentRegion = en;
			hasScannedForEncodings = 0;
			knownRegions = (
				en,
				Base,
			);
			mainGroup = FE5177C5249AF8E9003B362F;
			productRefGroup = FE5177CF249AF8EA003B362F /* Products */;
			projectDirPath = "";
			projectRoot = "";
			targets = (
				FE5177CD249AF8E9003B362F /* SlamDunk */,
			);
		};
/* End PBXProject section */

/* Begin PBXResourcesBuildPhase section */
		FE5177CC249AF8E9003B362F /* Resources */ = {
			isa = PBXResourcesBuildPhase;
			buildActionMask = 2147483647;
			files = (
				FE5177D4249AF8EA003B362F /* art.scnassets in Resources */,
				FE5177DE249AF8EA003B362F /* LaunchScreen.storyboard in Resources */,
				FE5177DB249AF8EA003B362F /* Assets.xcassets in Resources */,
				FE5177D9249AF8EA003B362F /* Main.storyboard in Resources */,
			);
			runOnlyForDeploymentPostprocessing = 0;
		};
/* End PBXResourcesBuildPhase section */

/* Begin PBXSourcesBuildPhase section */
		FE5177CA249AF8E9003B362F /* Sources */ = {
			isa = PBXSourcesBuildPhase;
			buildActionMask = 2147483647;
			files = (
				FE43739F249FE2320031033E /* BallNode.swift in Sources */,
				FE5177D6249AF8EA003B362F /* MainViewController.swift in Sources */,
				FE4373A1249FE3E30031033E /* Math.swift in Sources */,
				FE4A3E2C24A6B10A00E5CABB /* ContactNode.swift in Sources */,
				FE5177D2249AF8EA003B362F /* AppDelegate.swift in Sources */,
				FE4373A324A037750031033E /* ObjectCategory.swift in Sources */,
				FEBF564F24A2CCAD0015AEE8 /* WallNode.swift in Sources */,
			);
			runOnlyForDeploymentPostprocessing = 0;
		};
/* End PBXSourcesBuildPhase section */

/* Begin PBXVariantGroup section */
		FE5177D7249AF8EA003B362F /* Main.storyboard */ = {
			isa = PBXVariantGroup;
			children = (
				FE5177D8249AF8EA003B362F /* Base */,
			);
			name = Main.storyboard;
			sourceTree = "<group>";
		};
		FE5177DC249AF8EA003B362F /* LaunchScreen.storyboard */ = {
			isa = PBXVariantGroup;
			children = (
				FE5177DD249AF8EA003B362F /* Base */,
			);
			name = LaunchScreen.storyboard;
			sourceTree = "<group>";
		};
/* End PBXVariantGroup section */

/* Begin XCBuildConfiguration section */
		FE5177E0249AF8EA003B362F /* Debug */ = {
			isa = XCBuildConfiguration;
			buildSettings = {
				ALWAYS_SEARCH_USER_PATHS = NO;
				CLANG_ANALYZER_NONNULL = YES;
				CLANG_ANALYZER_NUMBER_OBJECT_CONVERSION = YES_AGGRESSIVE;
				CLANG_CXX_LANGUAGE_STANDARD = "gnu++14";
				CLANG_CXX_LIBRARY = "libc++";
				CLANG_ENABLE_MODULES = YES;
				CLANG_ENABLE_OBJC_ARC = YES;
				CLANG_ENABLE_OBJC_WEAK = YES;
				CLANG_WARN_BLOCK_CAPTURE_AUTORELEASING = YES;
				CLANG_WARN_BOOL_CONVERSION = YES;
				CLANG_WARN_COMMA = YES;
				CLANG_WARN_CONSTANT_CONVERSION = YES;
				CLANG_WARN_DEPRECATED_OBJC_IMPLEMENTATIONS = YES;
				CLANG_WARN_DIRECT_OBJC_ISA_USAGE = YES_ERROR;
				CLANG_WARN_DOCUMENTATION_COMMENTS = YES;
				CLANG_WARN_EMPTY_BODY = YES;
				CLANG_WARN_ENUM_CONVERSION = YES;
				CLANG_WARN_INFINITE_RECURSION = YES;
				CLANG_WARN_INT_CONVERSION = YES;
				CLANG_WARN_NON_LITERAL_NULL_CONVERSION = YES;
				CLANG_WARN_OBJC_IMPLICIT_RETAIN_SELF = YES;
				CLANG_WARN_OBJC_LITERAL_CONVERSION = YES;
				CLANG_WARN_OBJC_ROOT_CLASS = YES_ERROR;
				CLANG_WARN_RANGE_LOOP_ANALYSIS = YES;
				CLANG_WARN_STRICT_PROTOTYPES = YES;
				CLANG_WARN_SUSPICIOUS_MOVE = YES;
				CLANG_WARN_UNGUARDED_AVAILABILITY = YES_AGGRESSIVE;
				CLANG_WARN_UNREACHABLE_CODE = YES;
				CLANG_WARN__DUPLICATE_METHOD_MATCH = YES;
				COPY_PHASE_STRIP = NO;
				DEBUG_INFORMATION_FORMAT = dwarf;
				ENABLE_STRICT_OBJC_MSGSEND = YES;
				ENABLE_TESTABILITY = YES;
				GCC_C_LANGUAGE_STANDARD = gnu11;
				GCC_DYNAMIC_NO_PIC = NO;
				GCC_NO_COMMON_BLOCKS = YES;
				GCC_OPTIMIZATION_LEVEL = 0;
				GCC_PREPROCESSOR_DEFINITIONS = (
					"DEBUG=1",
					"$(inherited)",
				);
				GCC_WARN_64_TO_32_BIT_CONVERSION = YES;
				GCC_WARN_ABOUT_RETURN_TYPE = YES_ERROR;
				GCC_WARN_UNDECLARED_SELECTOR = YES;
				GCC_WARN_UNINITIALIZED_AUTOS = YES_AGGRESSIVE;
				GCC_WARN_UNUSED_FUNCTION = YES;
				GCC_WARN_UNUSED_VARIABLE = YES;
				IPHONEOS_DEPLOYMENT_TARGET = 13.5;
				MTL_ENABLE_DEBUG_INFO = INCLUDE_SOURCE;
				MTL_FAST_MATH = YES;
				ONLY_ACTIVE_ARCH = YES;
				SDKROOT = iphoneos;
				SWIFT_ACTIVE_COMPILATION_CONDITIONS = DEBUG;
				SWIFT_OPTIMIZATION_LEVEL = "-Onone";
			};
			name = Debug;
		};
		FE5177E1249AF8EA003B362F /* Release */ = {
			isa = XCBuildConfiguration;
			buildSettings = {
				ALWAYS_SEARCH_USER_PATHS = NO;
				CLANG_ANALYZER_NONNULL = YES;
				CLANG_ANALYZER_NUMBER_OBJECT_CONVERSION = YES_AGGRESSIVE;
				CLANG_CXX_LANGUAGE_STANDARD = "gnu++14";
				CLANG_CXX_LIBRARY = "libc++";
				CLANG_ENABLE_MODULES = YES;
				CLANG_ENABLE_OBJC_ARC = YES;
				CLANG_ENABLE_OBJC_WEAK = YES;
				CLANG_WARN_BLOCK_CAPTURE_AUTORELEASING = YES;
				CLANG_WARN_BOOL_CONVERSION = YES;
				CLANG_WARN_COMMA = YES;
				CLANG_WARN_CONSTANT_CONVERSION = YES;
				CLANG_WARN_DEPRECATED_OBJC_IMPLEMENTATIONS = YES;
				CLANG_WARN_DIRECT_OBJC_ISA_USAGE = YES_ERROR;
				CLANG_WARN_DOCUMENTATION_COMMENTS = YES;
				CLANG_WARN_EMPTY_BODY = YES;
				CLANG_WARN_ENUM_CONVERSION = YES;
				CLANG_WARN_INFINITE_RECURSION = YES;
				CLANG_WARN_INT_CONVERSION = YES;
				CLANG_WARN_NON_LITERAL_NULL_CONVERSION = YES;
				CLANG_WARN_OBJC_IMPLICIT_RETAIN_SELF = YES;
				CLANG_WARN_OBJC_LITERAL_CONVERSION = YES;
				CLANG_WARN_OBJC_ROOT_CLASS = YES_ERROR;
				CLANG_WARN_RANGE_LOOP_ANALYSIS = YES;
				CLANG_WARN_STRICT_PROTOTYPES = YES;
				CLANG_WARN_SUSPICIOUS_MOVE = YES;
				CLANG_WARN_UNGUARDED_AVAILABILITY = YES_AGGRESSIVE;
				CLANG_WARN_UNREACHABLE_CODE = YES;
				CLANG_WARN__DUPLICATE_METHOD_MATCH = YES;
				COPY_PHASE_STRIP = NO;
				DEBUG_INFORMATION_FORMAT = "dwarf-with-dsym";
				ENABLE_NS_ASSERTIONS = NO;
				ENABLE_STRICT_OBJC_MSGSEND = YES;
				GCC_C_LANGUAGE_STANDARD = gnu11;
				GCC_NO_COMMON_BLOCKS = YES;
				GCC_WARN_64_TO_32_BIT_CONVERSION = YES;
				GCC_WARN_ABOUT_RETURN_TYPE = YES_ERROR;
				GCC_WARN_UNDECLARED_SELECTOR = YES;
				GCC_WARN_UNINITIALIZED_AUTOS = YES_AGGRESSIVE;
				GCC_WARN_UNUSED_FUNCTION = YES;
				GCC_WARN_UNUSED_VARIABLE = YES;
				IPHONEOS_DEPLOYMENT_TARGET = 13.5;
				MTL_ENABLE_DEBUG_INFO = NO;
				MTL_FAST_MATH = YES;
				SDKROOT = iphoneos;
				SWIFT_COMPILATION_MODE = wholemodule;
				SWIFT_OPTIMIZATION_LEVEL = "-O";
				VALIDATE_PRODUCT = YES;
			};
			name = Release;
		};
		FE5177E3249AF8EA003B362F /* Debug */ = {
			isa = XCBuildConfiguration;
			buildSettings = {
				ASSETCATALOG_COMPILER_APPICON_NAME = AppIcon;
				CODE_SIGN_STYLE = Automatic;
				DEVELOPMENT_TEAM = SDG6583F54;
				INFOPLIST_FILE = SlamDunk/Info.plist;
				IPHONEOS_DEPLOYMENT_TARGET = 13.5;
				LD_RUNPATH_SEARCH_PATHS = (
					"$(inherited)",
					"@executable_path/Frameworks",
				);
				PRODUCT_BUNDLE_IDENTIFIER = rick.SlamDunk;
				PRODUCT_NAME = "$(TARGET_NAME)";
				SWIFT_VERSION = 5.0;
				TARGETED_DEVICE_FAMILY = "1,2";
			};
			name = Debug;
		};
		FE5177E4249AF8EA003B362F /* Release */ = {
			isa = XCBuildConfiguration;
			buildSettings = {
				ASSETCATALOG_COMPILER_APPICON_NAME = AppIcon;
				CODE_SIGN_STYLE = Automatic;
				DEVELOPMENT_TEAM = SDG6583F54;
				INFOPLIST_FILE = SlamDunk/Info.plist;
				IPHONEOS_DEPLOYMENT_TARGET = 13.5;
				LD_RUNPATH_SEARCH_PATHS = (
					"$(inherited)",
					"@executable_path/Frameworks",
				);
				PRODUCT_BUNDLE_IDENTIFIER = rick.SlamDunk;
				PRODUCT_NAME = "$(TARGET_NAME)";
				SWIFT_VERSION = 5.0;
				TARGETED_DEVICE_FAMILY = "1,2";
			};
			name = Release;
		};
/* End XCBuildConfiguration section */

/* Begin XCConfigurationList section */
		FE5177C9249AF8E9003B362F /* Build configuration list for PBXProject "SlamDunk" */ = {
			isa = XCConfigurationList;
			buildConfigurations = (
				FE5177E0249AF8EA003B362F /* Debug */,
				FE5177E1249AF8EA003B362F /* Release */,
			);
			defaultConfigurationIsVisible = 0;
			defaultConfigurationName = Release;
		};
		FE5177E2249AF8EA003B362F /* Build configuration list for PBXNativeTarget "SlamDunk" */ = {
			isa = XCConfigurationList;
			buildConfigurations = (
				FE5177E3249AF8EA003B362F /* Debug */,
				FE5177E4249AF8EA003B362F /* Release */,
			);
			defaultConfigurationIsVisible = 0;
			defaultConfigurationName = Release;
		};
/* End XCConfigurationList section */
	};
	rootObject = FE5177C6249AF8E9003B362F /* Project object */;
}
